
Microsoft Visual Studio Solution File, Format Version 12.00
# Visual Studio Version 17
VisualStudioVersion = 17.2.32516.85
MinimumVisualStudioVersion = 10.0.40219.1
Project("{FAE04EC0-301F-11D3-BF4B-00C04F79EFBC}") = "WinFormsApp1", "WinFormsApp1\WinFormsApp1.csproj", "{037D5CF6-8A70-45D4-A6DF-F11E49FC8706}"
EndProject
Global
	GlobalSection(SolutionConfigurationPlatforms) = preSolution
		Debug|Any CPU = Debug|Any CPU
		Release|Any CPU = Release|Any CPU
	EndGlobalSection
	GlobalSection(ProjectConfigurationPlatforms) = postSolution
		{037D5CF6-8A70-45D4-A6DF-F11E49FC8706}.Debug|Any CPU.ActiveCfg = Debug|Any CPU
		{037D5CF6-8A70-45D4-A6DF-F11E49FC8706}.Debug|Any CPU.Build.0 = Debug|Any CPU
		{037D5CF6-8A70-45D4-A6DF-F11E49FC8706}.Release|Any CPU.ActiveCfg = Release|Any CPU
		{037D5CF6-8A70-45D4-A6DF-F11E49FC8706}.Release|Any CPU.Build.0 = Release|Any CPU
	EndGlobalSection
	GlobalSection(SolutionProperties) = preSolution
		HideSolutionNode = FALSE
	EndGlobalSection
	GlobalSection(ExtensibilityGlobals) = postSolution
		SolutionGuid = {EF74E2DD-787C-4CE7-8344-F57CBAB87C70}
	EndGlobalSection
EndGlobal
